
Microsoft Visual Studio Solution File, Format Version 12.00
# Visual Studio Version 17
VisualStudioVersion = 17.5.33414.496
MinimumVisualStudioVersion = 10.0.40219.1
Project("{9A19103F-16F7-4668-BE54-9A1E7A4F7556}") = "PracticasMVC", "PracticasMVC.csproj", "{82F00039-3B3A-48A3-AF31-9B4343C02D9D}"
EndProject
Global
	GlobalSection(SolutionConfigurationPlatforms) = preSolution
		Debug|Any CPU = Debug|Any CPU
		Release|Any CPU = Release|Any CPU
	EndGlobalSection
	GlobalSection(ProjectConfigurationPlatforms) = postSolution
		{82F00039-3B3A-48A3-AF31-9B4343C02D9D}.Debug|Any CPU.ActiveCfg = Debug|Any CPU
		{82F00039-3B3A-48A3-AF31-9B4343C02D9D}.Debug|Any CPU.Build.0 = Debug|Any CPU
		{82F00039-3B3A-48A3-AF31-9B4343C02D9D}.Release|Any CPU.ActiveCfg = Release|Any CPU
		{82F00039-3B3A-48A3-AF31-9B4343C02D9D}.Release|Any CPU.Build.0 = Release|Any CPU
	EndGlobalSection
	GlobalSection(SolutionProperties) = preSolution
		HideSolutionNode = FALSE
	EndGlobalSection
	GlobalSection(ExtensibilityGlobals) = postSolution
		SolutionGuid = {DCF5E054-B446-4229-8836-C34A5DB8BC6F}
	EndGlobalSection
EndGlobal
